
Microsoft Visual Studio Solution File, Format Version 12.00
# Visual Studio Version 17
VisualStudioVersion = 17.14.36212.18 d17.14
MinimumVisualStudioVersion = 10.0.40219.1
Project("{FAE04EC0-301F-11D3-BF4B-00C04F79EFBC}") = "LibraryManagementSystem.Core", "LibraryManagementSystem.Core\LibraryManagementSystem.Core.csproj", "{774C0930-3B91-42C2-892E-B549AA8D75DA}"
EndProject
Project("{FAE04EC0-301F-11D3-BF4B-00C04F79EFBC}") = "LibraryManagementSystem.API", "LibraryManagementSystem.API\LibraryManagementSystem.API.csproj", "{5D337C62-6F64-46B1-A072-139EF5959F16}"
EndProject
Project("{FAE04EC0-301F-11D3-BF4B-00C04F79EFBC}") = "LibraryManagementSystem.Web", "LibraryManagementSystem.Web\LibraryManagementSystem.Web.csproj", "{01465E2E-EEF7-49AD-A936-CA17055A998D}"
EndProject
Global
	GlobalSection(SolutionConfigurationPlatforms) = preSolution
		Debug|Any CPU = Debug|Any CPU
		Release|Any CPU = Release|Any CPU
	EndGlobalSection
	GlobalSection(ProjectConfigurationPlatforms) = postSolution
		{774C0930-3B91-42C2-892E-B549AA8D75DA}.Debug|Any CPU.ActiveCfg = Debug|Any CPU
		{774C0930-3B91-42C2-892E-B549AA8D75DA}.Debug|Any CPU.Build.0 = Debug|Any CPU
		{774C0930-3B91-42C2-892E-B549AA8D75DA}.Release|Any CPU.ActiveCfg = Release|Any CPU
		{774C0930-3B91-42C2-892E-B549AA8D75DA}.Release|Any CPU.Build.0 = Release|Any CPU
		{5D337C62-6F64-46B1-A072-139EF5959F16}.Debug|Any CPU.ActiveCfg = Debug|Any CPU
		{5D337C62-6F64-46B1-A072-139EF5959F16}.Debug|Any CPU.Build.0 = Debug|Any CPU
		{5D337C62-6F64-46B1-A072-139EF5959F16}.Release|Any CPU.ActiveCfg = Release|Any CPU
		{5D337C62-6F64-46B1-A072-139EF5959F16}.Release|Any CPU.Build.0 = Release|Any CPU
		{01465E2E-EEF7-49AD-A936-CA17055A998D}.Debug|Any CPU.ActiveCfg = Debug|Any CPU
		{01465E2E-EEF7-49AD-A936-CA17055A998D}.Debug|Any CPU.Build.0 = Debug|Any CPU
		{01465E2E-EEF7-49AD-A936-CA17055A998D}.Release|Any CPU.ActiveCfg = Release|Any CPU
		{01465E2E-EEF7-49AD-A936-CA17055A998D}.Release|Any CPU.Build.0 = Release|Any CPU
	EndGlobalSection
	GlobalSection(SolutionProperties) = preSolution
		HideSolutionNode = FALSE
	EndGlobalSection
	GlobalSection(ExtensibilityGlobals) = postSolution
		SolutionGuid = {3A151AF8-A3A7-4CE1-991C-8C8491CB5FFF}
	EndGlobalSection
EndGlobal
